
Microsoft Visual Studio Solution File, Format Version 12.00
# Visual Studio Version 17
VisualStudioVersion = 17.9.34723.18
MinimumVisualStudioVersion = 10.0.40219.1
Project("{9A19103F-16F7-4668-BE54-9A1E7A4F7556}") = "AirlineReservationSystem-Backend", "AirlineReservationSystem-Backend\AirlineReservationSystem-Backend.csproj", "{448818CF-0FFE-4B9B-857D-016406C7C695}"
EndProject
Global
	GlobalSection(SolutionConfigurationPlatforms) = preSolution
		Debug|Any CPU = Debug|Any CPU
		Release|Any CPU = Release|Any CPU
	EndGlobalSection
	GlobalSection(ProjectConfigurationPlatforms) = postSolution
		{448818CF-0FFE-4B9B-857D-016406C7C695}.Debug|Any CPU.ActiveCfg = Debug|Any CPU
		{448818CF-0FFE-4B9B-857D-016406C7C695}.Debug|Any CPU.Build.0 = Debug|Any CPU
		{448818CF-0FFE-4B9B-857D-016406C7C695}.Release|Any CPU.ActiveCfg = Release|Any CPU
		{448818CF-0FFE-4B9B-857D-016406C7C695}.Release|Any CPU.Build.0 = Release|Any CPU
	EndGlobalSection
	GlobalSection(SolutionProperties) = preSolution
		HideSolutionNode = FALSE
	EndGlobalSection
	GlobalSection(ExtensibilityGlobals) = postSolution
		SolutionGuid = {3C278F4E-3E8B-4A0D-92C9-A26FE35CEC6B}
	EndGlobalSection
EndGlobal
